Microsoft Visual Studio Solution File, Format Version 11.00
# Visual Studio 2008

Project("{7307AA96-4C82-F980-B24D-E6367BEC471F}") = "robot2", "Assembly-CSharp.csproj", "{7F9E5683-F18A-C502-C11F-280B23AB059F}"
EndProject
Project("{7307AA96-4C82-F980-B24D-E6367BEC471F}") = "robot2", "Assembly-CSharp-Editor.csproj", "{72D92BD3-4735-DFF1-3920-A6487A55DD07}"
EndProject
Global
	GlobalSection(SolutionConfigurationPlatforms) = preSolution
		Debug|Any CPU = Debug|Any CPU
		Release|Any CPU = Release|Any CPU
	EndGlobalSection
	GlobalSection(ProjectConfigurationPlatforms) = postSolution
		{7F9E5683-F18A-C502-C11F-280B23AB059F}.Debug|Any CPU.ActiveCfg = Debug|Any CPU
		{7F9E5683-F18A-C502-C11F-280B23AB059F}.Debug|Any CPU.Build.0 = Debug|Any CPU
		{7F9E5683-F18A-C502-C11F-280B23AB059F}.Release|Any CPU.ActiveCfg = Release|Any CPU
		{7F9E5683-F18A-C502-C11F-280B23AB059F}.Release|Any CPU.Build.0 = Release|Any CPU
		{72D92BD3-4735-DFF1-3920-A6487A55DD07}.Debug|Any CPU.ActiveCfg = Debug|Any CPU
		{72D92BD3-4735-DFF1-3920-A6487A55DD07}.Debug|Any CPU.Build.0 = Debug|Any CPU
		{72D92BD3-4735-DFF1-3920-A6487A55DD07}.Release|Any CPU.ActiveCfg = Release|Any CPU
		{72D92BD3-4735-DFF1-3920-A6487A55DD07}.Release|Any CPU.Build.0 = Release|Any CPU
	EndGlobalSection
	GlobalSection(SolutionProperties) = preSolution
		HideSolutionNode = FALSE
	EndGlobalSection
	GlobalSection(MonoDevelopProperties) = preSolution
		StartupItem = Assembly-CSharp.csproj
	EndGlobalSection
EndGlobal
